
Microsoft Visual Studio Solution File, Format Version 12.00
# Visual Studio Version 17
VisualStudioVersion = 17.1.32328.378
MinimumVisualStudioVersion = 10.0.40219.1
Project("{FAE04EC0-301F-11D3-BF4B-00C04F79EFBC}") = "ChernovikWinForms", "ChernovikWinForms\ChernovikWinForms.csproj", "{5CE414D5-5C35-4D39-A639-C0FC09078286}"
EndProject
Global
	GlobalSection(SolutionConfigurationPlatforms) = preSolution
		Debug|Any CPU = Debug|Any CPU
		Release|Any CPU = Release|Any CPU
	EndGlobalSection
	GlobalSection(ProjectConfigurationPlatforms) = postSolution
		{5CE414D5-5C35-4D39-A639-C0FC09078286}.Debug|Any CPU.ActiveCfg = Debug|Any CPU
		{5CE414D5-5C35-4D39-A639-C0FC09078286}.Debug|Any CPU.Build.0 = Debug|Any CPU
		{5CE414D5-5C35-4D39-A639-C0FC09078286}.Release|Any CPU.ActiveCfg = Release|Any CPU
		{5CE414D5-5C35-4D39-A639-C0FC09078286}.Release|Any CPU.Build.0 = Release|Any CPU
	EndGlobalSection
	GlobalSection(SolutionProperties) = preSolution
		HideSolutionNode = FALSE
	EndGlobalSection
	GlobalSection(ExtensibilityGlobals) = postSolution
		SolutionGuid = {CF56B0A6-85C1-4976-9C2E-E96C3F891923}
	EndGlobalSection
EndGlobal
